<?xml version="1.0" encoding="utf-8"?>
<Project ToolsVersion="4.0" xmlns="http://schemas.microsoft.com/developer/msbuild/2003">
  <ItemGroup>
    <Filter Include="Archivos de origen">
      <UniqueIdentifier>{4FC737F1-C7A5-4376-A066-2A32D752A2FF}</UniqueIdentifier>
      <Extensions>cpp;c;cc;cxx;c++;cppm;ixx;def;odl;idl;hpj;bat;asm;asmx</Extensions>
    </Filter>
    <Filter Include="Elements">
      <UniqueIdentifier>{ecf22a00-4f92-40bc-b1a4-7151a7c3280f}</UniqueIdentifier>
    </Filter>
    <Filter Include="ScreenManager">
      <UniqueIdentifier>{7530189d-a669-4d68-b68d-74fe86306822}</UniqueIdentifier>
    </Filter>
    <Filter Include="GameData">
      <UniqueIdentifier>{3a70e373-892a-4030-b38d-b744ebdb71b1}</UniqueIdentifier>
    </Filter>
  </ItemGroup>
  <ItemGroup>
    <ClCompile Include="src\main.cpp">
      <Filter>Archivos de origen</Filter>
    </ClCompile>
    <ClCompile Include="src\Elements\Button.cpp">
      <Filter>Elements</Filter>
    </ClCompile>
    <ClCompile Include="src\ScreenManager\ScreenManager.cpp">
      <Filter>ScreenManager</Filter>
    </ClCompile>
    <ClCompile Include="src\ScreenManager\Menu.cpp">
      <Filter>ScreenManager</Filter>
    </ClCompile>
    <ClCompile Include="src\GameData\Game.cpp">
      <Filter>GameData</Filter>
    </ClCompile>
    <ClCompile Include="src\ScreenManager\screenGameplay.cpp">
      <Filter>ScreenManager</Filter>
    </ClCompile>
    <ClCompile Include="src\Elements\Player.cpp">
      <Filter>Elements</Filter>
    </ClCompile>
    <ClCompile Include="src\ScreenManager\screenCredits.cpp">
      <Filter>ScreenManager</Filter>
    </ClCompile>
    <ClCompile Include="src\Elements\Enemy.cpp">
      <Filter>Elements</Filter>
    </ClCompile>
  </ItemGroup>
  <ItemGroup>
    <ClInclude Include="src\Elements\Button.h">
      <Filter>Elements</Filter>
    </ClInclude>
    <ClInclude Include="src\Elements\Player.h">
      <Filter>Elements</Filter>
    </ClInclude>
    <ClInclude Include="src\ScreenManager\ScreenManager.h">
      <Filter>ScreenManager</Filter>
    </ClInclude>
    <ClInclude Include="src\ScreenManager\Menu.h">
      <Filter>ScreenManager</Filter>
    </ClInclude>
    <ClInclude Include="src\GameData\Game.h">
      <Filter>GameData</Filter>
    </ClInclude>
    <ClInclude Include="src\ScreenManager\screenGameplay.h">
      <Filter>ScreenManager</Filter>
    </ClInclude>
    <ClInclude Include="src\ScreenManager\screenCredits.h">
      <Filter>ScreenManager</Filter>
    </ClInclude>
    <ClInclude Include="src\Elements\Enemy.h">
      <Filter>Elements</Filter>
    </ClInclude>
  </ItemGroup>
</Project>